{
  "name": "pub",
  "lockfileVersion": 2,
  "requires": true,
  "packages": {
    "": {
      "license": "ISC",
      "dependencies": {
        "glo-astn-handlers": "^0.2.0",
        "glo-astn-schema": "^0.1.0",
        "glo-astn-tokenconsumer": "^0.4.0",
        "glo-pareto-common": "^0.15.0",
        "pareto-core-types": "^0.12.0"
      }
    },
    "node_modules/glo-astn-handlers": {
      "version": "0.2.0",
      "resolved": "https://registry.npmjs.org/glo-astn-handlers/-/glo-astn-handlers-0.2.0.tgz",
      "integrity": "sha512-hl89q1Jl19P2psL+lH11zeTF5IkL/sGQckV0U88MaB0jzgZRmKOxcSIjjM3QRTezx6Ih+QF+Owndyg3RW5rCaQ==",
      "dependencies": {
        "pareto-core-types": "^0.12.0"
      }
    },
    "node_modules/glo-astn-schema": {
      "version": "0.1.0",
      "resolved": "https://registry.npmjs.org/glo-astn-schema/-/glo-astn-schema-0.1.0.tgz",
      "integrity": "sha512-OxE7/DPwUP1UKUuOiFBs4nYM1CTfCsq3XlqacoItFFnz6KB+teYzrwDmdalYgm2aQz+IQa0pD49V8IXbtQ5DHg==",
      "dependencies": {
        "pareto-core-types": "^0.12.0"
      }
    },
    "node_modules/glo-astn-tokenconsumer": {
      "version": "0.4.0",
      "resolved": "https://registry.npmjs.org/glo-astn-tokenconsumer/-/glo-astn-tokenconsumer-0.4.0.tgz",
      "integrity": "sha512-947negUxF0WTTgA62sG3e8EOpkLAmon64IWuJFwIoYxB3+gXu3urnZmM5c/gfGuTrkgCII1Xg87Ng3JyFnBAqA==",
      "dependencies": {
        "pareto-core-types": "^0.12.0"
      }
    },
    "node_modules/glo-pareto-common": {
      "version": "0.15.0",
      "resolved": "https://registry.npmjs.org/glo-pareto-common/-/glo-pareto-common-0.15.0.tgz",
      "integrity": "sha512-D4vYIo5O7LEKb4HZhZxS8FXjRTrlANfaHs73e7xxWyECZPR1+bZNPzzQ//1geFpkoadi8Asbth1jA9//0K5c7w==",
      "dependencies": {
        "pareto-core-types": "^0.12.0"
      }
    },
    "node_modules/pareto-core-types": {
      "version": "0.12.0",
      "resolved": "https://registry.npmjs.org/pareto-core-types/-/pareto-core-types-0.12.0.tgz",
      "integrity": "sha512-cxQ3sI0kJby0o1xM6C6lMl2VFrK1cTTjMF3sSEKW9i3S1xJEnmXybh1oE4+tdIsQmQysDAGOZ0Awi/gzzjnJHw=="
    }
  },
  "dependencies": {
    "glo-astn-handlers": {
      "version": "0.2.0",
      "resolved": "https://registry.npmjs.org/glo-astn-handlers/-/glo-astn-handlers-0.2.0.tgz",
      "integrity": "sha512-hl89q1Jl19P2psL+lH11zeTF5IkL/sGQckV0U88MaB0jzgZRmKOxcSIjjM3QRTezx6Ih+QF+Owndyg3RW5rCaQ==",
      "requires": {
        "pareto-core-types": "^0.12.0"
      }
    },
    "glo-astn-schema": {
      "version": "0.1.0",
      "resolved": "https://registry.npmjs.org/glo-astn-schema/-/glo-astn-schema-0.1.0.tgz",
      "integrity": "sha512-OxE7/DPwUP1UKUuOiFBs4nYM1CTfCsq3XlqacoItFFnz6KB+teYzrwDmdalYgm2aQz+IQa0pD49V8IXbtQ5DHg==",
      "requires": {
        "pareto-core-types": "^0.12.0"
      }
    },
    "glo-astn-tokenconsumer": {
      "version": "0.4.0",
      "resolved": "https://registry.npmjs.org/glo-astn-tokenconsumer/-/glo-astn-tokenconsumer-0.4.0.tgz",
      "integrity": "sha512-947negUxF0WTTgA62sG3e8EOpkLAmon64IWuJFwIoYxB3+gXu3urnZmM5c/gfGuTrkgCII1Xg87Ng3JyFnBAqA==",
      "requires": {
        "pareto-core-types": "^0.12.0"
      }
    },
    "glo-pareto-common": {
      "version": "0.15.0",
      "resolved": "https://registry.npmjs.org/glo-pareto-common/-/glo-pareto-common-0.15.0.tgz",
      "integrity": "sha512-D4vYIo5O7LEKb4HZhZxS8FXjRTrlANfaHs73e7xxWyECZPR1+bZNPzzQ//1geFpkoadi8Asbth1jA9//0K5c7w==",
      "requires": {
        "pareto-core-types": "^0.12.0"
      }
    },
    "pareto-core-types": {
      "version": "0.12.0",
      "resolved": "https://registry.npmjs.org/pareto-core-types/-/pareto-core-types-0.12.0.tgz",
      "integrity": "sha512-cxQ3sI0kJby0o1xM6C6lMl2VFrK1cTTjMF3sSEKW9i3S1xJEnmXybh1oE4+tdIsQmQysDAGOZ0Awi/gzzjnJHw=="
    }
  }
}
