{
  "name": "glo-astn-typedhandlers",
  "lockfileVersion": 3,
  "requires": true,
  "packages": {
    "": {
      "name": "glo-astn-typedhandlers",
      "license": "TBD",
      "dependencies": {
        "glo-astn-handlers": "^0.12.0",
        "glo-astn-schema": "^0.13.0",
        "glo-astn-tokenconsumer": "^0.15.0",
        "glo-pareto-common": "^0.33.0",
        "pareto-core-types": "^0.16.3"
      }
    },
    "node_modules/glo-astn-handlers": {
      "version": "0.12.0",
      "resolved": "https://registry.npmjs.org/glo-astn-handlers/-/glo-astn-handlers-0.12.0.tgz",
      "integrity": "sha512-oR6qgyvTRQ6kei+/+JGJMCU0V3XGlg3oy3DEK6JLoaBNKymkWUYfiI6D31EYeiWUB2BmpMUMiQ6tyPRxYGRD7Q==",
      "license": "TBD",
      "dependencies": {
        "pareto-core-types": "^0.15.1"
      }
    },
    "node_modules/glo-astn-handlers/node_modules/pareto-core-types": {
      "version": "0.15.3",
      "resolved": "https://registry.npmjs.org/pareto-core-types/-/pareto-core-types-0.15.3.tgz",
      "integrity": "sha512-A3eAHNWfUwZpzX4SErEfiMNRTwTRMk7PXKOyUooVDAJCyfU1d6VDfDsh1hXac2clJTdI9axo8HhKYf2rGWqYqA==",
      "license": "ISC"
    },
    "node_modules/glo-astn-schema": {
      "version": "0.13.0",
      "resolved": "https://registry.npmjs.org/glo-astn-schema/-/glo-astn-schema-0.13.0.tgz",
      "integrity": "sha512-JWU5iP2i1DKL5W6FaFh9ubzHJzHGg9Oppphk70NhbT5TqC6x4nh05h82dRBy/yMDxgmPxhC83+JbKLfW/aCDsA==",
      "license": "TBD",
      "dependencies": {
        "glo-pareto-common": "^0.32.0",
        "pareto-core-types": "^0.15.1"
      }
    },
    "node_modules/glo-astn-schema/node_modules/glo-pareto-common": {
      "version": "0.32.0",
      "resolved": "https://registry.npmjs.org/glo-pareto-common/-/glo-pareto-common-0.32.0.tgz",
      "integrity": "sha512-Z/BMXnwlp9yoKBiFR+KP3O00mzz5LVFhP3gva8yjs37G2kJWKjoYT4IlI31aF83zKdX2TS8+UwHJEj8tHCaMmg==",
      "license": "TBD",
      "dependencies": {
        "pareto-core-types": "^0.15.1"
      }
    },
    "node_modules/glo-astn-schema/node_modules/pareto-core-types": {
      "version": "0.15.3",
      "resolved": "https://registry.npmjs.org/pareto-core-types/-/pareto-core-types-0.15.3.tgz",
      "integrity": "sha512-A3eAHNWfUwZpzX4SErEfiMNRTwTRMk7PXKOyUooVDAJCyfU1d6VDfDsh1hXac2clJTdI9axo8HhKYf2rGWqYqA==",
      "license": "ISC"
    },
    "node_modules/glo-astn-tokenconsumer": {
      "version": "0.15.0",
      "resolved": "https://registry.npmjs.org/glo-astn-tokenconsumer/-/glo-astn-tokenconsumer-0.15.0.tgz",
      "integrity": "sha512-M2LUgtlvJRSJ8r+OZ5ZpEc5AIno6yE+mNi5xK63MgSpNqvX0bfuR5TplSFZNj149bOGvKHl9m99uhlr3/8FkTg==",
      "license": "TBD",
      "dependencies": {
        "pareto-core-types": "^0.16.2"
      }
    },
    "node_modules/glo-pareto-common": {
      "version": "0.33.0",
      "resolved": "https://registry.npmjs.org/glo-pareto-common/-/glo-pareto-common-0.33.0.tgz",
      "integrity": "sha512-nYqdzHXomIJcPkPxbLkt9Gnoj/YnW4NHTkYxMiEBbqV86uNsGU1nC7gY3vbdlcBLKBSJKUxjmviOjPn+pckCCw==",
      "license": "TBD",
      "dependencies": {
        "pareto-core-types": "^0.16.2"
      }
    },
    "node_modules/pareto-core-types": {
      "version": "0.16.3",
      "resolved": "https://registry.npmjs.org/pareto-core-types/-/pareto-core-types-0.16.3.tgz",
      "integrity": "sha512-dTCdDZ4woGJlQ0yJQ0wWrDt6few0lZMHQ5iBNTI33xQpK7V17QWX/AFTgbKJ3KOSU9Q6DMEi8iuQsXHB5PDnVg==",
      "license": "ISC"
    }
  }
}
