{
  "name": "pub",
  "lockfileVersion": 2,
  "requires": true,
  "packages": {
    "": {
      "license": "TBD",
      "dependencies": {
        "glo-astn-handlers": "^0.12.0",
        "glo-astn-schema": "^0.13.0",
        "glo-astn-tokenconsumer": "^0.14.0",
        "glo-pareto-common": "^0.32.0",
        "pareto-core-types": "^0.15.1"
      }
    },
    "node_modules/glo-astn-handlers": {
      "version": "0.12.0",
      "resolved": "https://registry.npmjs.org/glo-astn-handlers/-/glo-astn-handlers-0.12.0.tgz",
      "integrity": "sha512-oR6qgyvTRQ6kei+/+JGJMCU0V3XGlg3oy3DEK6JLoaBNKymkWUYfiI6D31EYeiWUB2BmpMUMiQ6tyPRxYGRD7Q==",
      "dependencies": {
        "pareto-core-types": "^0.15.1"
      }
    },
    "node_modules/glo-astn-schema": {
      "version": "0.13.0",
      "resolved": "https://registry.npmjs.org/glo-astn-schema/-/glo-astn-schema-0.13.0.tgz",
      "integrity": "sha512-JWU5iP2i1DKL5W6FaFh9ubzHJzHGg9Oppphk70NhbT5TqC6x4nh05h82dRBy/yMDxgmPxhC83+JbKLfW/aCDsA==",
      "dependencies": {
        "glo-pareto-common": "^0.32.0",
        "pareto-core-types": "^0.15.1"
      }
    },
    "node_modules/glo-astn-tokenconsumer": {
      "version": "0.14.0",
      "resolved": "https://registry.npmjs.org/glo-astn-tokenconsumer/-/glo-astn-tokenconsumer-0.14.0.tgz",
      "integrity": "sha512-Zptt/OFf/zwq1q7bn4ZjYnj6ynmkHXXgIQ3pwM+dtGLCOvUgoW3eiYYXA1UysuH2iUyfKxnQjIwNWUsEwtyhxQ==",
      "dependencies": {
        "pareto-core-types": "^0.15.1"
      }
    },
    "node_modules/glo-pareto-common": {
      "version": "0.32.0",
      "resolved": "https://registry.npmjs.org/glo-pareto-common/-/glo-pareto-common-0.32.0.tgz",
      "integrity": "sha512-Z/BMXnwlp9yoKBiFR+KP3O00mzz5LVFhP3gva8yjs37G2kJWKjoYT4IlI31aF83zKdX2TS8+UwHJEj8tHCaMmg==",
      "dependencies": {
        "pareto-core-types": "^0.15.1"
      }
    },
    "node_modules/pareto-core-types": {
      "version": "0.15.1",
      "resolved": "https://registry.npmjs.org/pareto-core-types/-/pareto-core-types-0.15.1.tgz",
      "integrity": "sha512-T0cu2sEXolEC/hevsCZHlLHl2zLRMl0P4SUvZHrPE5c7gtfvoFA54vsXdALEMUdiyZAmEzr10sjulCOyZ/AMUA=="
    }
  },
  "dependencies": {
    "glo-astn-handlers": {
      "version": "0.12.0",
      "resolved": "https://registry.npmjs.org/glo-astn-handlers/-/glo-astn-handlers-0.12.0.tgz",
      "integrity": "sha512-oR6qgyvTRQ6kei+/+JGJMCU0V3XGlg3oy3DEK6JLoaBNKymkWUYfiI6D31EYeiWUB2BmpMUMiQ6tyPRxYGRD7Q==",
      "requires": {
        "pareto-core-types": "^0.15.1"
      }
    },
    "glo-astn-schema": {
      "version": "0.13.0",
      "resolved": "https://registry.npmjs.org/glo-astn-schema/-/glo-astn-schema-0.13.0.tgz",
      "integrity": "sha512-JWU5iP2i1DKL5W6FaFh9ubzHJzHGg9Oppphk70NhbT5TqC6x4nh05h82dRBy/yMDxgmPxhC83+JbKLfW/aCDsA==",
      "requires": {
        "glo-pareto-common": "^0.32.0",
        "pareto-core-types": "^0.15.1"
      }
    },
    "glo-astn-tokenconsumer": {
      "version": "0.14.0",
      "resolved": "https://registry.npmjs.org/glo-astn-tokenconsumer/-/glo-astn-tokenconsumer-0.14.0.tgz",
      "integrity": "sha512-Zptt/OFf/zwq1q7bn4ZjYnj6ynmkHXXgIQ3pwM+dtGLCOvUgoW3eiYYXA1UysuH2iUyfKxnQjIwNWUsEwtyhxQ==",
      "requires": {
        "pareto-core-types": "^0.15.1"
      }
    },
    "glo-pareto-common": {
      "version": "0.32.0",
      "resolved": "https://registry.npmjs.org/glo-pareto-common/-/glo-pareto-common-0.32.0.tgz",
      "integrity": "sha512-Z/BMXnwlp9yoKBiFR+KP3O00mzz5LVFhP3gva8yjs37G2kJWKjoYT4IlI31aF83zKdX2TS8+UwHJEj8tHCaMmg==",
      "requires": {
        "pareto-core-types": "^0.15.1"
      }
    },
    "pareto-core-types": {
      "version": "0.15.1",
      "resolved": "https://registry.npmjs.org/pareto-core-types/-/pareto-core-types-0.15.1.tgz",
      "integrity": "sha512-T0cu2sEXolEC/hevsCZHlLHl2zLRMl0P4SUvZHrPE5c7gtfvoFA54vsXdALEMUdiyZAmEzr10sjulCOyZ/AMUA=="
    }
  }
}
