{
  "name": "pub",
  "lockfileVersion": 2,
  "requires": true,
  "packages": {
    "": {
      "license": "TBD",
      "dependencies": {
        "glo-astn-handlers": "^0.11.0",
        "glo-astn-schema": "^0.12.0",
        "glo-astn-tokenconsumer": "^0.13.0",
        "glo-pareto-common": "^0.31.0",
        "pareto-core-types": "^0.15.1"
      }
    },
    "node_modules/glo-astn-handlers": {
      "version": "0.11.0",
      "resolved": "https://registry.npmjs.org/glo-astn-handlers/-/glo-astn-handlers-0.11.0.tgz",
      "integrity": "sha512-5HCzKHkXZ1NxmgvyjEwPZTVytSdNt7aMAW8h2I7Yzu8XF3eDy2X8MsuU33cbspti0w2E3saTMYecyKXgLe7VXg==",
      "dependencies": {
        "pareto-core-types": "^0.15.0"
      }
    },
    "node_modules/glo-astn-schema": {
      "version": "0.12.0",
      "resolved": "https://registry.npmjs.org/glo-astn-schema/-/glo-astn-schema-0.12.0.tgz",
      "integrity": "sha512-tQ+kduRFwxaYyNSUY8eTRkfGEwuTvNmcu06yIX0rXeylISHSPaRFK6feXjzt8FOExY5bzpbjHh2hVMKj17J7Zg==",
      "dependencies": {
        "glo-pareto-common": "^0.31.0",
        "pareto-core-types": "^0.15.0"
      }
    },
    "node_modules/glo-astn-tokenconsumer": {
      "version": "0.13.0",
      "resolved": "https://registry.npmjs.org/glo-astn-tokenconsumer/-/glo-astn-tokenconsumer-0.13.0.tgz",
      "integrity": "sha512-E8R+jx44GQlW93Siq/x6CEPBQGa6sEfvH1nOR768sUFckOA9aXk2xpuTsoYh1hIbusKLx2UfzGYzn11B+NxWgA==",
      "dependencies": {
        "pareto-core-types": "^0.15.0"
      }
    },
    "node_modules/glo-pareto-common": {
      "version": "0.31.0",
      "resolved": "https://registry.npmjs.org/glo-pareto-common/-/glo-pareto-common-0.31.0.tgz",
      "integrity": "sha512-x0bblLec8hfVY1J2FEiYBmTsf+0XVCJFTL4lbB3dm0eD9bDwICJiKdy6OsCBjsCGqUWbVo12g/wgVeffPF7ZcQ==",
      "dependencies": {
        "pareto-core-types": "^0.15.0"
      }
    },
    "node_modules/pareto-core-types": {
      "version": "0.15.1",
      "resolved": "https://registry.npmjs.org/pareto-core-types/-/pareto-core-types-0.15.1.tgz",
      "integrity": "sha512-T0cu2sEXolEC/hevsCZHlLHl2zLRMl0P4SUvZHrPE5c7gtfvoFA54vsXdALEMUdiyZAmEzr10sjulCOyZ/AMUA=="
    }
  },
  "dependencies": {
    "glo-astn-handlers": {
      "version": "0.11.0",
      "resolved": "https://registry.npmjs.org/glo-astn-handlers/-/glo-astn-handlers-0.11.0.tgz",
      "integrity": "sha512-5HCzKHkXZ1NxmgvyjEwPZTVytSdNt7aMAW8h2I7Yzu8XF3eDy2X8MsuU33cbspti0w2E3saTMYecyKXgLe7VXg==",
      "requires": {
        "pareto-core-types": "^0.15.0"
      }
    },
    "glo-astn-schema": {
      "version": "0.12.0",
      "resolved": "https://registry.npmjs.org/glo-astn-schema/-/glo-astn-schema-0.12.0.tgz",
      "integrity": "sha512-tQ+kduRFwxaYyNSUY8eTRkfGEwuTvNmcu06yIX0rXeylISHSPaRFK6feXjzt8FOExY5bzpbjHh2hVMKj17J7Zg==",
      "requires": {
        "glo-pareto-common": "^0.31.0",
        "pareto-core-types": "^0.15.0"
      }
    },
    "glo-astn-tokenconsumer": {
      "version": "0.13.0",
      "resolved": "https://registry.npmjs.org/glo-astn-tokenconsumer/-/glo-astn-tokenconsumer-0.13.0.tgz",
      "integrity": "sha512-E8R+jx44GQlW93Siq/x6CEPBQGa6sEfvH1nOR768sUFckOA9aXk2xpuTsoYh1hIbusKLx2UfzGYzn11B+NxWgA==",
      "requires": {
        "pareto-core-types": "^0.15.0"
      }
    },
    "glo-pareto-common": {
      "version": "0.31.0",
      "resolved": "https://registry.npmjs.org/glo-pareto-common/-/glo-pareto-common-0.31.0.tgz",
      "integrity": "sha512-x0bblLec8hfVY1J2FEiYBmTsf+0XVCJFTL4lbB3dm0eD9bDwICJiKdy6OsCBjsCGqUWbVo12g/wgVeffPF7ZcQ==",
      "requires": {
        "pareto-core-types": "^0.15.0"
      }
    },
    "pareto-core-types": {
      "version": "0.15.1",
      "resolved": "https://registry.npmjs.org/pareto-core-types/-/pareto-core-types-0.15.1.tgz",
      "integrity": "sha512-T0cu2sEXolEC/hevsCZHlLHl2zLRMl0P4SUvZHrPE5c7gtfvoFA54vsXdALEMUdiyZAmEzr10sjulCOyZ/AMUA=="
    }
  }
}
